# NOTE: generated from local venv (Python 3.14); MUST be regenerated in python:3.12-slim before production deploy
aiofiles==25.1.0
aiogram==3.31.0
aiohappyeyeballs==2.7.1
aiohttp==3.14.3
aiosignal==1.4.0
annotated-doc==0.0.5
annotated-types==0.8.0
anyio==4.14.2
attrs==26.1.0
certifi==2026.7.22
click==8.5.0
fastapi==0.141.1
frozenlist==1.8.0
h11==0.16.0
httpcore==1.0.9
httptools==0.8.0
httpx==0.28.1
idna==3.19
iniconfig==2.3.0
itsdangerous==2.2.0
Jinja2==3.1.6
magic-filter==1.0.12
MarkupSafe==3.0.3
multidict==6.7.1
packaging==26.3
pluggy==1.6.0
propcache==0.5.2
pydantic==2.13.5
pydantic_core==2.46.5
Pygments==2.21.0
pytest==9.1.1
pytest-asyncio==1.4.0
python-dotenv==1.2.3
python-multipart==0.0.32
PyYAML==6.0.3
segno==1.6.6
starlette==1.6.0
typing-inspection==0.4.4
typing_extensions==4.16.0
uvicorn==0.52.4
uvloop==0.22.1
watchfiles==1.2.0
websockets==17.1
yarl==1.24.5
